
Microsoft Visual Studio Solution File, Format Version 12.00
# Visual Studio Version 17
VisualStudioVersion = 17.7.34031.279
MinimumVisualStudioVersion = 10.0.40219.1
Project("{2150E333-8FDC-42A3-9474-1A3956D46DE8}") = "Feature", "Feature", "{D0BE80FB-F37D-4792-8BC3-5886368EE91A}"
EndProject
Project("{2150E333-8FDC-42A3-9474-1A3956D46DE8}") = "Foundation", "Foundation", "{1FCEDCCA-F333-4091-8EC3-4B9932026420}"
EndProject
Project("{2150E333-8FDC-42A3-9474-1A3956D46DE8}") = "Project", "Project", "{2810BCBA-DF96-4E34-A519-695D50725E48}"
EndProject
Project("{FAE04EC0-301F-11D3-BF4B-00C04F79EFBC}") = "MediaMigration", "Foundation\MediaMigration\MediaMigration.csproj", "{8B1C974E-7009-4F06-B011-D3CB49B9FD0E}"
EndProject
Project("{2150E333-8FDC-42A3-9474-1A3956D46DE8}") = "Solution Items", "Solution Items", "{AD39DE08-0A57-462F-871F-9AA66FEE1940}"
	ProjectSection(SolutionItems) = preProject
		..\nuget.config = ..\nuget.config
	EndProjectSection
EndProject
Global
	GlobalSection(SolutionConfigurationPlatforms) = preSolution
		Debug|Any CPU = Debug|Any CPU
		Release|Any CPU = Release|Any CPU
	EndGlobalSection
	GlobalSection(ProjectConfigurationPlatforms) = postSolution
		{8B1C974E-7009-4F06-B011-D3CB49B9FD0E}.Debug|Any CPU.ActiveCfg = Debug|Any CPU
		{8B1C974E-7009-4F06-B011-D3CB49B9FD0E}.Debug|Any CPU.Build.0 = Debug|Any CPU
		{8B1C974E-7009-4F06-B011-D3CB49B9FD0E}.Release|Any CPU.ActiveCfg = Release|Any CPU
		{8B1C974E-7009-4F06-B011-D3CB49B9FD0E}.Release|Any CPU.Build.0 = Release|Any CPU
	EndGlobalSection
	GlobalSection(SolutionProperties) = preSolution
		HideSolutionNode = FALSE
	EndGlobalSection
	GlobalSection(NestedProjects) = preSolution
		{8B1C974E-7009-4F06-B011-D3CB49B9FD0E} = {1FCEDCCA-F333-4091-8EC3-4B9932026420}
	EndGlobalSection
	GlobalSection(ExtensibilityGlobals) = postSolution
		SolutionGuid = {4143667B-5614-4DAE-A16E-438AD75F7ECE}
	EndGlobalSection
EndGlobal
